
Microsoft Visual Studio Solution File, Format Version 12.00
# Visual Studio Version 17
VisualStudioVersion = 17.0.31903.59
MinimumVisualStudioVersion = 10.0.40219.1
Project("{FAE04EC0-301F-11D3-BF4B-00C04F79EFBC}") = "BuberBreakfast.Contracts", "BuberBreakfast.Contracts\BuberBreakfast.Contracts.csproj", "{BB5D562B-3211-4FAA-A964-8F7A58BAACCC}"
EndProject
Project("{FAE04EC0-301F-11D3-BF4B-00C04F79EFBC}") = "BuberBreakfast", "BuberBreakfast\BuberBreakfast.csproj", "{2EA5EAA0-0830-488B-9153-E40FC98D1E12}"
EndProject
Global
	GlobalSection(SolutionConfigurationPlatforms) = preSolution
		Debug|Any CPU = Debug|Any CPU
		Release|Any CPU = Release|Any CPU
	EndGlobalSection
	GlobalSection(SolutionProperties) = preSolution
		HideSolutionNode = FALSE
	EndGlobalSection
	GlobalSection(ProjectConfigurationPlatforms) = postSolution
		{BB5D562B-3211-4FAA-A964-8F7A58BAACCC}.Debug|Any CPU.ActiveCfg = Debug|Any CPU
		{BB5D562B-3211-4FAA-A964-8F7A58BAACCC}.Debug|Any CPU.Build.0 = Debug|Any CPU
		{BB5D562B-3211-4FAA-A964-8F7A58BAACCC}.Release|Any CPU.ActiveCfg = Release|Any CPU
		{BB5D562B-3211-4FAA-A964-8F7A58BAACCC}.Release|Any CPU.Build.0 = Release|Any CPU
		{2EA5EAA0-0830-488B-9153-E40FC98D1E12}.Debug|Any CPU.ActiveCfg = Debug|Any CPU
		{2EA5EAA0-0830-488B-9153-E40FC98D1E12}.Debug|Any CPU.Build.0 = Debug|Any CPU
		{2EA5EAA0-0830-488B-9153-E40FC98D1E12}.Release|Any CPU.ActiveCfg = Release|Any CPU
		{2EA5EAA0-0830-488B-9153-E40FC98D1E12}.Release|Any CPU.Build.0 = Release|Any CPU
	EndGlobalSection
EndGlobal
